
Microsoft Visual Studio Solution File, Format Version 12.00
# Visual Studio Version 17
VisualStudioVersion = 17.5.33414.496
MinimumVisualStudioVersion = 10.0.40219.1
Project("{2150E333-8FDC-42A3-9474-1A3956D46DE8}") = "src", "src", "{E58B9A51-22F2-422C-902B-1B1589A03831}"
EndProject
Project("{2150E333-8FDC-42A3-9474-1A3956D46DE8}") = "ApiGateways", "ApiGateways", "{1DB25B5A-81EC-44B2-A8DC-0B24C60DC20E}"
EndProject
Project("{2150E333-8FDC-42A3-9474-1A3956D46DE8}") = "WebApp", "WebApp", "{FBA04A0F-CBBB-4C3D-ADEA-3E13F25A3085}"
EndProject
Project("{2150E333-8FDC-42A3-9474-1A3956D46DE8}") = "Clients", "Clients", "{2C27DF5B-C051-4D6A-A6B8-F9B096CDE163}"
EndProject
Project("{2150E333-8FDC-42A3-9474-1A3956D46DE8}") = "Models", "Models", "{F336508C-4CE0-4E1D-A62E-3CD0732682A4}"
EndProject
Project("{2150E333-8FDC-42A3-9474-1A3956D46DE8}") = "Common", "Common", "{72A39A4E-1D00-4D30-B5A1-78E0A12DB94F}"
EndProject
Project("{2150E333-8FDC-42A3-9474-1A3956D46DE8}") = "Repository", "Repository", "{06A82765-32DA-4456-B31B-42E1361505AF}"
EndProject
Project("{2150E333-8FDC-42A3-9474-1A3956D46DE8}") = "Services", "Services", "{A1197E4D-08E0-4F78-8742-80797F110B3E}"
EndProject
Project("{2150E333-8FDC-42A3-9474-1A3956D46DE8}") = "UnitOfWork", "UnitOfWork", "{48C350EA-B47A-44EE-9A81-A63B5BB345AC}"
EndProject
Project("{FAE04EC0-301F-11D3-BF4B-00C04F79EFBC}") = "Client.API", "src\WebApp\Clients\Client.API\Client.API.csproj", "{F1E3BB09-E507-46D9-9EDD-8BFDA6266A6C}"
EndProject
Project("{FAE04EC0-301F-11D3-BF4B-00C04F79EFBC}") = "UnitOfWork.Interface", "src\WebApp\UnitOfWork\UnitOfWork.Interface\UnitOfWork.Interface.csproj", "{411757EB-BEB8-4754-80D5-EB4351BA9C28}"
EndProject
Project("{FAE04EC0-301F-11D3-BF4B-00C04F79EFBC}") = "UnitOfWork.Database", "src\WebApp\UnitOfWork\UnitOfWork.Database\UnitOfWork.Database.csproj", "{CA74C589-FBF6-4CE7-AFF9-3EBF0B2399CD}"
EndProject
Project("{FAE04EC0-301F-11D3-BF4B-00C04F79EFBC}") = "Common", "src\WebApp\Common\Common\Common.csproj", "{E3BBED00-FD56-4834-B8C3-31E57A727CC2}"
EndProject
Project("{FAE04EC0-301F-11D3-BF4B-00C04F79EFBC}") = "Models", "src\WebApp\Models\Models\Models.csproj", "{663E89FF-E1A9-4208-8AC4-75EA8CE76174}"
EndProject
Project("{FAE04EC0-301F-11D3-BF4B-00C04F79EFBC}") = "Repository.Interface", "src\WebApp\Repository\Repository.Interface\Repository.Interface.csproj", "{3BA2C92B-A51A-479C-B0E3-C6C3244908F1}"
EndProject
Project("{FAE04EC0-301F-11D3-BF4B-00C04F79EFBC}") = "Repository.Implement", "src\WebApp\Repository\Repository.Implement\Repository.Implement.csproj", "{EC3183DE-1E98-497A-9367-2741C288DCD7}"
EndProject
Project("{FAE04EC0-301F-11D3-BF4B-00C04F79EFBC}") = "Services", "src\WebApp\Services\Services\Services.csproj", "{049089BD-7ED2-44BB-ACE1-33A902EF095B}"
EndProject
Project("{FAE04EC0-301F-11D3-BF4B-00C04F79EFBC}") = "Validator", "src\WebApp\Models\Validator\Validator.csproj", "{5786CFD1-6E6A-43BB-AE17-CD50FABE6639}"
EndProject
Project("{2150E333-8FDC-42A3-9474-1A3956D46DE8}") = "Solution Items", "Solution Items", "{9B652F5C-6E49-4FAD-B511-01D107867B22}"
	ProjectSection(SolutionItems) = preProject
		.gitignore = .gitignore
		README.md = README.md
	EndProjectSection
EndProject
Global
	GlobalSection(SolutionConfigurationPlatforms) = preSolution
		Debug|Any CPU = Debug|Any CPU
		Release|Any CPU = Release|Any CPU
	EndGlobalSection
	GlobalSection(ProjectConfigurationPlatforms) = postSolution
		{F1E3BB09-E507-46D9-9EDD-8BFDA6266A6C}.Debug|Any CPU.ActiveCfg = Debug|Any CPU
		{F1E3BB09-E507-46D9-9EDD-8BFDA6266A6C}.Debug|Any CPU.Build.0 = Debug|Any CPU
		{F1E3BB09-E507-46D9-9EDD-8BFDA6266A6C}.Release|Any CPU.ActiveCfg = Release|Any CPU
		{F1E3BB09-E507-46D9-9EDD-8BFDA6266A6C}.Release|Any CPU.Build.0 = Release|Any CPU
		{411757EB-BEB8-4754-80D5-EB4351BA9C28}.Debug|Any CPU.ActiveCfg = Debug|Any CPU
		{411757EB-BEB8-4754-80D5-EB4351BA9C28}.Debug|Any CPU.Build.0 = Debug|Any CPU
		{411757EB-BEB8-4754-80D5-EB4351BA9C28}.Release|Any CPU.ActiveCfg = Release|Any CPU
		{411757EB-BEB8-4754-80D5-EB4351BA9C28}.Release|Any CPU.Build.0 = Release|Any CPU
		{CA74C589-FBF6-4CE7-AFF9-3EBF0B2399CD}.Debug|Any CPU.ActiveCfg = Debug|Any CPU
		{CA74C589-FBF6-4CE7-AFF9-3EBF0B2399CD}.Debug|Any CPU.Build.0 = Debug|Any CPU
		{CA74C589-FBF6-4CE7-AFF9-3EBF0B2399CD}.Release|Any CPU.ActiveCfg = Release|Any CPU
		{CA74C589-FBF6-4CE7-AFF9-3EBF0B2399CD}.Release|Any CPU.Build.0 = Release|Any CPU
		{E3BBED00-FD56-4834-B8C3-31E57A727CC2}.Debug|Any CPU.ActiveCfg = Debug|Any CPU
		{E3BBED00-FD56-4834-B8C3-31E57A727CC2}.Debug|Any CPU.Build.0 = Debug|Any CPU
		{E3BBED00-FD56-4834-B8C3-31E57A727CC2}.Release|Any CPU.ActiveCfg = Release|Any CPU
		{E3BBED00-FD56-4834-B8C3-31E57A727CC2}.Release|Any CPU.Build.0 = Release|Any CPU
		{663E89FF-E1A9-4208-8AC4-75EA8CE76174}.Debug|Any CPU.ActiveCfg = Debug|Any CPU
		{663E89FF-E1A9-4208-8AC4-75EA8CE76174}.Debug|Any CPU.Build.0 = Debug|Any CPU
		{663E89FF-E1A9-4208-8AC4-75EA8CE76174}.Release|Any CPU.ActiveCfg = Release|Any CPU
		{663E89FF-E1A9-4208-8AC4-75EA8CE76174}.Release|Any CPU.Build.0 = Release|Any CPU
		{3BA2C92B-A51A-479C-B0E3-C6C3244908F1}.Debug|Any CPU.ActiveCfg = Debug|Any CPU
		{3BA2C92B-A51A-479C-B0E3-C6C3244908F1}.Debug|Any CPU.Build.0 = Debug|Any CPU
		{3BA2C92B-A51A-479C-B0E3-C6C3244908F1}.Release|Any CPU.ActiveCfg = Release|Any CPU
		{3BA2C92B-A51A-479C-B0E3-C6C3244908F1}.Release|Any CPU.Build.0 = Release|Any CPU
		{EC3183DE-1E98-497A-9367-2741C288DCD7}.Debug|Any CPU.ActiveCfg = Debug|Any CPU
		{EC3183DE-1E98-497A-9367-2741C288DCD7}.Debug|Any CPU.Build.0 = Debug|Any CPU
		{EC3183DE-1E98-497A-9367-2741C288DCD7}.Release|Any CPU.ActiveCfg = Release|Any CPU
		{EC3183DE-1E98-497A-9367-2741C288DCD7}.Release|Any CPU.Build.0 = Release|Any CPU
		{049089BD-7ED2-44BB-ACE1-33A902EF095B}.Debug|Any CPU.ActiveCfg = Debug|Any CPU
		{049089BD-7ED2-44BB-ACE1-33A902EF095B}.Debug|Any CPU.Build.0 = Debug|Any CPU
		{049089BD-7ED2-44BB-ACE1-33A902EF095B}.Release|Any CPU.ActiveCfg = Release|Any CPU
		{049089BD-7ED2-44BB-ACE1-33A902EF095B}.Release|Any CPU.Build.0 = Release|Any CPU
		{5786CFD1-6E6A-43BB-AE17-CD50FABE6639}.Debug|Any CPU.ActiveCfg = Debug|Any CPU
		{5786CFD1-6E6A-43BB-AE17-CD50FABE6639}.Debug|Any CPU.Build.0 = Debug|Any CPU
		{5786CFD1-6E6A-43BB-AE17-CD50FABE6639}.Release|Any CPU.ActiveCfg = Release|Any CPU
		{5786CFD1-6E6A-43BB-AE17-CD50FABE6639}.Release|Any CPU.Build.0 = Release|Any CPU
	EndGlobalSection
	GlobalSection(SolutionProperties) = preSolution
		HideSolutionNode = FALSE
	EndGlobalSection
	GlobalSection(NestedProjects) = preSolution
		{1DB25B5A-81EC-44B2-A8DC-0B24C60DC20E} = {E58B9A51-22F2-422C-902B-1B1589A03831}
		{FBA04A0F-CBBB-4C3D-ADEA-3E13F25A3085} = {E58B9A51-22F2-422C-902B-1B1589A03831}
		{2C27DF5B-C051-4D6A-A6B8-F9B096CDE163} = {FBA04A0F-CBBB-4C3D-ADEA-3E13F25A3085}
		{F336508C-4CE0-4E1D-A62E-3CD0732682A4} = {FBA04A0F-CBBB-4C3D-ADEA-3E13F25A3085}
		{72A39A4E-1D00-4D30-B5A1-78E0A12DB94F} = {FBA04A0F-CBBB-4C3D-ADEA-3E13F25A3085}
		{06A82765-32DA-4456-B31B-42E1361505AF} = {FBA04A0F-CBBB-4C3D-ADEA-3E13F25A3085}
		{A1197E4D-08E0-4F78-8742-80797F110B3E} = {FBA04A0F-CBBB-4C3D-ADEA-3E13F25A3085}
		{48C350EA-B47A-44EE-9A81-A63B5BB345AC} = {FBA04A0F-CBBB-4C3D-ADEA-3E13F25A3085}
		{F1E3BB09-E507-46D9-9EDD-8BFDA6266A6C} = {2C27DF5B-C051-4D6A-A6B8-F9B096CDE163}
		{411757EB-BEB8-4754-80D5-EB4351BA9C28} = {48C350EA-B47A-44EE-9A81-A63B5BB345AC}
		{CA74C589-FBF6-4CE7-AFF9-3EBF0B2399CD} = {48C350EA-B47A-44EE-9A81-A63B5BB345AC}
		{E3BBED00-FD56-4834-B8C3-31E57A727CC2} = {72A39A4E-1D00-4D30-B5A1-78E0A12DB94F}
		{663E89FF-E1A9-4208-8AC4-75EA8CE76174} = {F336508C-4CE0-4E1D-A62E-3CD0732682A4}
		{3BA2C92B-A51A-479C-B0E3-C6C3244908F1} = {06A82765-32DA-4456-B31B-42E1361505AF}
		{EC3183DE-1E98-497A-9367-2741C288DCD7} = {06A82765-32DA-4456-B31B-42E1361505AF}
		{049089BD-7ED2-44BB-ACE1-33A902EF095B} = {A1197E4D-08E0-4F78-8742-80797F110B3E}
		{5786CFD1-6E6A-43BB-AE17-CD50FABE6639} = {F336508C-4CE0-4E1D-A62E-3CD0732682A4}
	EndGlobalSection
	GlobalSection(ExtensibilityGlobals) = postSolution
		SolutionGuid = {865A6F8C-9658-463D-BBAD-D8478CBFE61C}
	EndGlobalSection
EndGlobal
